
Microsoft Visual Studio Solution File, Format Version 12.00
Project("{F2A71F9B-5D33-465A-A702-920D77279786}") = "tutorialFsharp", "tutorialFsharp\tutorialFsharp.fsproj", "{EE7830B1-699B-4979-977B-BC8D66A4310D}"
EndProject
Global
	GlobalSection(SolutionConfigurationPlatforms) = preSolution
		Debug|Any CPU = Debug|Any CPU
		Release|Any CPU = Release|Any CPU
	EndGlobalSection
	GlobalSection(ProjectConfigurationPlatforms) = postSolution
		{EE7830B1-699B-4979-977B-BC8D66A4310D}.Debug|Any CPU.ActiveCfg = Debug|Any CPU
		{EE7830B1-699B-4979-977B-BC8D66A4310D}.Debug|Any CPU.Build.0 = Debug|Any CPU
		{EE7830B1-699B-4979-977B-BC8D66A4310D}.Release|Any CPU.ActiveCfg = Release|Any CPU
		{EE7830B1-699B-4979-977B-BC8D66A4310D}.Release|Any CPU.Build.0 = Release|Any CPU
	EndGlobalSection
EndGlobal
